
Microsoft Visual Studio Solution File, Format Version 12.00
# Visual Studio Version 16
VisualStudioVersion = 25.0.1703.0
MinimumVisualStudioVersion = 10.0.40219.1
Project("{FAE04EC0-301F-11D3-BF4B-00C04F79EFBC}") = "Galactica", "Galactica\Galactica.csproj", "{1160CDE5-F866-4DCE-B246-8577C37745CA}"
EndProject
Global
	GlobalSection(SolutionConfigurationPlatforms) = preSolution
		Debug|Any CPU = Debug|Any CPU
		Release|Any CPU = Release|Any CPU
	EndGlobalSection
	GlobalSection(ProjectConfigurationPlatforms) = postSolution
		{1160CDE5-F866-4DCE-B246-8577C37745CA}.Debug|Any CPU.ActiveCfg = Debug|Any CPU
		{1160CDE5-F866-4DCE-B246-8577C37745CA}.Debug|Any CPU.Build.0 = Debug|Any CPU
		{1160CDE5-F866-4DCE-B246-8577C37745CA}.Release|Any CPU.ActiveCfg = Release|Any CPU
		{1160CDE5-F866-4DCE-B246-8577C37745CA}.Release|Any CPU.Build.0 = Release|Any CPU
	EndGlobalSection
	GlobalSection(SolutionProperties) = preSolution
		HideSolutionNode = FALSE
	EndGlobalSection
	GlobalSection(ExtensibilityGlobals) = postSolution
		SolutionGuid = {AB33ED40-49EA-4E75-97ED-CB8C2FEFD44B}
	EndGlobalSection
EndGlobal
